{
  "name": "applet",
  "lockfileVersion": 3,
  "requires": true,
  "packages": {
    "": {
      "dependencies": {
        "groq": "^5.13.0"
      }
    },
    "node_modules/groq": {
      "version": "5.13.0",
      "resolved": "https://registry.npmjs.org/groq/-/groq-5.13.0.tgz",
      "integrity": "sha512-/SVpxcqdtkbobZTzO1klxbpn2KHRAawN8cYx42tXUV9Cle0LVXpiLlrFA2xJBIXSe9IPD+kFzLRPRl8qm+Iuig==",
      "license": "MIT",
      "engines": {
        "node": ">=20.19 <22 || >=22.12"
      }
    }
  }
}
